
Microsoft Visual Studio Solution File, Format Version 12.00
# Visual Studio Version 17
VisualStudioVersion = 17.6.33829.357
MinimumVisualStudioVersion = 10.0.40219.1
Project("{FAE04EC0-301F-11D3-BF4B-00C04F79EFBC}") = "Data", "Data\Data.csproj", "{C5DC6308-4964-4F28-A56A-F562B0C7E091}"
EndProject
Global
	GlobalSection(SolutionConfigurationPlatforms) = preSolution
		Debug|Any CPU = Debug|Any CPU
		Release|Any CPU = Release|Any CPU
	EndGlobalSection
	GlobalSection(ProjectConfigurationPlatforms) = postSolution
		{C5DC6308-4964-4F28-A56A-F562B0C7E091}.Debug|Any CPU.ActiveCfg = Debug|Any CPU
		{C5DC6308-4964-4F28-A56A-F562B0C7E091}.Debug|Any CPU.Build.0 = Debug|Any CPU
		{C5DC6308-4964-4F28-A56A-F562B0C7E091}.Release|Any CPU.ActiveCfg = Release|Any CPU
		{C5DC6308-4964-4F28-A56A-F562B0C7E091}.Release|Any CPU.Build.0 = Release|Any CPU
	EndGlobalSection
	GlobalSection(SolutionProperties) = preSolution
		HideSolutionNode = FALSE
	EndGlobalSection
	GlobalSection(ExtensibilityGlobals) = postSolution
		SolutionGuid = {D8FC62EA-B409-4E01-81F3-D72F88C38E6F}
	EndGlobalSection
EndGlobal
