
Microsoft Visual Studio Solution File, Format Version 12.00
# Visual Studio Version 17
VisualStudioVersion = 17.6.33829.357
MinimumVisualStudioVersion = 10.0.40219.1
Project("{FAE04EC0-301F-11D3-BF4B-00C04F79EFBC}") = "Api", "Api\Api.csproj", "{6B3F4A70-659C-4866-88F3-714E49B8FF7E}"
EndProject
Project("{FAE04EC0-301F-11D3-BF4B-00C04F79EFBC}") = "Data", "..\Data\Data\Data.csproj", "{C5DC6308-4964-4F28-A56A-F562B0C7E091}"
EndProject
Project("{FAE04EC0-301F-11D3-BF4B-00C04F79EFBC}") = "Business", "..\Business\Business.csproj", "{7D19CEE8-4B6B-4CC7-B8CE-DFB96ACE4725}"
EndProject
Global
	GlobalSection(SolutionConfigurationPlatforms) = preSolution
		Debug|Any CPU = Debug|Any CPU
		Release|Any CPU = Release|Any CPU
	EndGlobalSection
	GlobalSection(ProjectConfigurationPlatforms) = postSolution
		{6B3F4A70-659C-4866-88F3-714E49B8FF7E}.Debug|Any CPU.ActiveCfg = Debug|Any CPU
		{6B3F4A70-659C-4866-88F3-714E49B8FF7E}.Debug|Any CPU.Build.0 = Debug|Any CPU
		{6B3F4A70-659C-4866-88F3-714E49B8FF7E}.Release|Any CPU.ActiveCfg = Release|Any CPU
		{6B3F4A70-659C-4866-88F3-714E49B8FF7E}.Release|Any CPU.Build.0 = Release|Any CPU
		{C5DC6308-4964-4F28-A56A-F562B0C7E091}.Debug|Any CPU.ActiveCfg = Debug|Any CPU
		{C5DC6308-4964-4F28-A56A-F562B0C7E091}.Debug|Any CPU.Build.0 = Debug|Any CPU
		{C5DC6308-4964-4F28-A56A-F562B0C7E091}.Release|Any CPU.ActiveCfg = Release|Any CPU
		{C5DC6308-4964-4F28-A56A-F562B0C7E091}.Release|Any CPU.Build.0 = Release|Any CPU
		{7D19CEE8-4B6B-4CC7-B8CE-DFB96ACE4725}.Debug|Any CPU.ActiveCfg = Debug|Any CPU
		{7D19CEE8-4B6B-4CC7-B8CE-DFB96ACE4725}.Debug|Any CPU.Build.0 = Debug|Any CPU
		{7D19CEE8-4B6B-4CC7-B8CE-DFB96ACE4725}.Release|Any CPU.ActiveCfg = Release|Any CPU
		{7D19CEE8-4B6B-4CC7-B8CE-DFB96ACE4725}.Release|Any CPU.Build.0 = Release|Any CPU
	EndGlobalSection
	GlobalSection(SolutionProperties) = preSolution
		HideSolutionNode = FALSE
	EndGlobalSection
	GlobalSection(ExtensibilityGlobals) = postSolution
		SolutionGuid = {41178392-8D10-45DB-B400-05D68D97EF80}
	EndGlobalSection
EndGlobal
